PODS:
  - Alamofire (5.3.0)
  - Flutter (1.0.0)
  - idcheckio (5.8.0):
    - Flutter
    - IDCheckIOSDK (= 5.8.0)
  - IDCheckIOSDK (5.8.0):
    - KeychainAccess (~> 4.2.0)
    - Moya (~> 14.0)
    - SocketRocket (~> 0.5.1)
    - SwiftProtobuf (~> 1.6.0)
    - SwiftyUserDefaults (~> 5.0.0)
  - image_picker (0.0.1):
    - Flutter
  - KeychainAccess (4.2.1)
  - Moya (14.0.0):
    - Moya/Core (= 14.0.0)
  - Moya/Core (14.0.0):
    - Alamofire (~> 5.0)
  - SocketRocket (0.5.1)
  - SwiftProtobuf (1.6.0)
  - SwiftyUserDefaults (5.0.0)

DEPENDENCIES:
  - Flutter (from `Flutter`)
  - idcheckio (from `.symlinks/plugins/idcheckio/ios`)
  - image_picker (from `.symlinks/plugins/image_picker/ios`)

SPEC REPOS:
  https://git-externe.rennes.ariadnext.com/idcheckio/axt-podspecs.git:
    - IDCheckIOSDK
  https://github.com/CocoaPods/Specs.git:
    - Alamofire
    - KeychainAccess
    - Moya
    - SocketRocket
    - SwiftProtobuf
    - SwiftyUserDefaults

EXTERNAL SOURCES:
  Flutter:
    :path: Flutter
  idcheckio:
    :path: ".symlinks/plugins/idcheckio/ios"
  image_picker:
    :path: ".symlinks/plugins/image_picker/ios"

SPEC CHECKSUMS:
  Alamofire: 2c792affbdc2f18016e08fdbcacd60aebe1ba593
  Flutter: 0e3d915762c693b495b44d77113d4970485de6ec
  idcheckio: 779c179f77917f6e9bf8f8ce489baf9a86249711
  IDCheckIOSDK: 6a2599c68631f810eeb86d1c1c81198c9dd1d564
  image_picker: 9c3312491f862b28d21ecd8fdf0ee14e601b3f09
  KeychainAccess: 9b07f665298d13c3a85881bd3171f6f49b8151c1
  Moya: 5b45dacb75adb009f97fde91c204c1e565d31916
  SocketRocket: d57c7159b83c3c6655745cd15302aa24b6bae531
  SwiftProtobuf: e905ca1366405696411aaf174411c4b19c0ef73d
  SwiftyUserDefaults: 33fcb42bd1feb53a37d873feb62c82967db5f7f6

PODFILE CHECKSUM: 5b5277c586f5b846d40c0a33e4e6cf261c36a97c

COCOAPODS: 1.9.3
